// !$*UTF8*$!
{
	archiveVersion = 1;
	classes = {
	};
	objectVersion = 46;
	objects = {

/* Begin PBXBuildFile section */
		66CCD97C1AF0A80200F7DF3B /* AppDelegate.swift in Sources */ = {isa = PBXBuildFile; fileRef = 66CCD97B1AF0A80200F7DF3B /* AppDelegate.swift */; };
		66CCD97E1AF0A80200F7DF3B /* ViewController.swift in Sources */ = {isa = PBXBuildFile; fileRef = 66CCD97D1AF0A80200F7DF3B /* ViewController.swift */; };
		66CCD9811AF0A80200F7DF3B /* Main.storyboard in Resources */ = {isa = PBXBuildFile; fileRef = 66CCD97F1AF0A80200F7DF3B /* Main.storyboard */; };
		66CCD9831AF0A80200F7DF3B /* Images.xcassets in Resources */ = {isa = PBXBuildFile; fileRef = 66CCD9821AF0A80200F7DF3B /* Images.xcassets */; };
		66CCD9861AF0A80200F7DF3B /* LaunchScreen.xib in Resources */ = {isa = PBXBuildFile; fileRef = 66CCD9841AF0A80200F7DF3B /* LaunchScreen.xib */; };
		66CCD9921AF0A80200F7DF3B /* ToDoAdamTests.swift in Sources */ = {isa = PBXBuildFile; fileRef = 66CCD9911AF0A80200F7DF3B /* ToDoAdamTests.swift */; };
		66CCD9A41AF0AE1200F7DF3B /* ToDoView.swift in Sources */ = {isa = PBXBuildFile; fileRef = 66CCD9A31AF0AE1200F7DF3B /* ToDoView.swift */; };
		66CCD9A61AF0B33B00F7DF3B /* LoginViewController.swift in Sources */ = {isa = PBXBuildFile; fileRef = 66CCD9A51AF0B33B00F7DF3B /* LoginViewController.swift */; };
		66CCD9A81AF0B3D900F7DF3B /* AuthDataManager.swift in Sources */ = {isa = PBXBuildFile; fileRef = 66CCD9A71AF0B3D900F7DF3B /* AuthDataManager.swift */; };
/* End PBXBuildFile section */

/* Begin PBXContainerItemProxy section */
		66CCD98C1AF0A80200F7DF3B /* PBXContainerItemProxy */ = {
			isa = PBXContainerItemProxy;
			containerPortal = 66CCD96E1AF0A80200F7DF3B /* Project object */;
			proxyType = 1;
			remoteGlobalIDString = 66CCD9751AF0A80200F7DF3B;
			remoteInfo = ToDoAdam;
		};
/* End PBXContainerItemProxy section */

/* Begin PBXFileReference section */
		66CCD9761AF0A80200F7DF3B /* ToDoAdam.app */ = {isa = PBXFileReference; explicitFileType = wrapper.application; includeInIndex = 0; path = ToDoAdam.app; sourceTree = BUILT_PRODUCTS_DIR; };
		66CCD97A1AF0A80200F7DF3B /* Info.plist */ = {isa = PBXFileReference; lastKnownFileType = text.plist.xml; path = Info.plist; sourceTree = "<group>"; };
		66CCD97B1AF0A80200F7DF3B /* AppDelegate.swift */ = {isa = PBXFileReference; lastKnownFileType = sourcecode.swift; path = AppDelegate.swift; sourceTree = "<group>"; };
		66CCD97D1AF0A80200F7DF3B /* ViewController.swift */ = {isa = PBXFileReference; lastKnownFileType = sourcecode.swift; path = ViewController.swift; sourceTree = "<group>"; };
		66CCD9801AF0A80200F7DF3B /* Base */ = {isa = PBXFileReference; lastKnownFileType = file.storyboard; name = Base; path = Base.lproj/Main.storyboard; sourceTree = "<group>"; };
		66CCD9821AF0A80200F7DF3B /* Images.xcassets */ = {isa = PBXFileReference; lastKnownFileType = folder.assetcatalog; path = Images.xcassets; sourceTree = "<group>"; };
		66CCD9851AF0A80200F7DF3B /* Base */ = {isa = PBXFileReference; lastKnownFileType = file.xib; name = Base; path = Base.lproj/LaunchScreen.xib; sourceTree = "<group>"; };
		66CCD98B1AF0A80200F7DF3B /* ToDoAdamTests.xctest */ = {isa = PBXFileReference; explicitFileType = wrapper.cfbundle; includeInIndex = 0; path = ToDoAdamTests.xctest; sourceTree = BUILT_PRODUCTS_DIR; };
		66CCD9901AF0A80200F7DF3B /* Info.plist */ = {isa = PBXFileReference; lastKnownFileType = text.plist.xml; path = Info.plist; sourceTree = "<group>"; };
		66CCD9911AF0A80200F7DF3B /* ToDoAdamTests.swift */ = {isa = PBXFileReference; lastKnownFileType = sourcecode.swift; path = ToDoAdamTests.swift; sourceTree = "<group>"; };
		66CCD9A31AF0AE1200F7DF3B /* ToDoView.swift */ = {isa = PBXFileReference; fileEncoding = 4; lastKnownFileType = sourcecode.swift; path = ToDoView.swift; sourceTree = "<group>"; };
		66CCD9A51AF0B33B00F7DF3B /* LoginViewController.swift */ = {isa = PBXFileReference; fileEncoding = 4; lastKnownFileType = sourcecode.swift; path = LoginViewController.swift; sourceTree = "<group>"; };
		66CCD9A71AF0B3D900F7DF3B /* AuthDataManager.swift */ = {isa = PBXFileReference; fileEncoding = 4; lastKnownFileType = sourcecode.swift; path = AuthDataManager.swift; sourceTree = "<group>"; };
/* End PBXFileReference section */

/* Begin PBXFrameworksBuildPhase section */
		66CCD9731AF0A80200F7DF3B /* Frameworks */ = {
			isa = PBXFrameworksBuildPhase;
			buildActionMask = 2147483647;
			files = (
			);
			runOnlyForDeploymentPostprocessing = 0;
		};
		66CCD9881AF0A80200F7DF3B /* Frameworks */ = {
			isa = PBXFrameworksBuildPhase;
			buildActionMask = 2147483647;
			files = (
			);
			runOnlyForDeploymentPostprocessing = 0;
		};
/* End PBXFrameworksBuildPhase section */

/* Begin PBXGroup section */
		66CCD96D1AF0A80200F7DF3B = {
			isa = PBXGroup;
			children = (
				66CCD9781AF0A80200F7DF3B /* ToDoAdam */,
				66CCD98E1AF0A80200F7DF3B /* ToDoAdamTests */,
				66CCD9771AF0A80200F7DF3B /* Products */,
			);
			sourceTree = "<group>";
		};
		66CCD9771AF0A80200F7DF3B /* Products */ = {
			isa = PBXGroup;
			children = (
				66CCD9761AF0A80200F7DF3B /* ToDoAdam.app */,
				66CCD98B1AF0A80200F7DF3B /* ToDoAdamTests.xctest */,
			);
			name = Products;
			sourceTree = "<group>";
		};
		66CCD9781AF0A80200F7DF3B /* ToDoAdam */ = {
			isa = PBXGroup;
			children = (
				66CCD97B1AF0A80200F7DF3B /* AppDelegate.swift */,
				66CCD97D1AF0A80200F7DF3B /* ViewController.swift */,
				66CCD97F1AF0A80200F7DF3B /* Main.storyboard */,
				66CCD9A51AF0B33B00F7DF3B /* LoginViewController.swift */,
				66CCD9A71AF0B3D900F7DF3B /* AuthDataManager.swift */,
				66CCD9A31AF0AE1200F7DF3B /* ToDoView.swift */,
				66CCD9821AF0A80200F7DF3B /* Images.xcassets */,
				66CCD9841AF0A80200F7DF3B /* LaunchScreen.xib */,
				66CCD9791AF0A80200F7DF3B /* Supporting Files */,
			);
			path = ToDoAdam;
			sourceTree = "<group>";
		};
		66CCD9791AF0A80200F7DF3B /* Supporting Files */ = {
			isa = PBXGroup;
			children = (
				66CCD97A1AF0A80200F7DF3B /* Info.plist */,
			);
			name = "Supporting Files";
			sourceTree = "<group>";
		};
		66CCD98E1AF0A80200F7DF3B /* ToDoAdamTests */ = {
			isa = PBXGroup;
			children = (
				66CCD9911AF0A80200F7DF3B /* ToDoAdamTests.swift */,
				66CCD98F1AF0A80200F7DF3B /* Supporting Files */,
			);
			path = ToDoAdamTests;
			sourceTree = "<group>";
		};
		66CCD98F1AF0A80200F7DF3B /* Supporting Files */ = {
			isa = PBXGroup;
			children = (
				66CCD9901AF0A80200F7DF3B /* Info.plist */,
			);
			name = "Supporting Files";
			sourceTree = "<group>";
		};
/* End PBXGroup section */

/* Begin PBXNativeTarget section */
		66CCD9751AF0A80200F7DF3B /* ToDoAdam */ = {
			isa = PBXNativeTarget;
			buildConfigurationList = 66CCD9951AF0A80200F7DF3B /* Build configuration list for PBXNativeTarget "ToDoAdam" */;
			buildPhases = (
				66CCD9721AF0A80200F7DF3B /* Sources */,
				66CCD9731AF0A80200F7DF3B /* Frameworks */,
				66CCD9741AF0A80200F7DF3B /* Resources */,
			);
			buildRules = (
			);
			dependencies = (
			);
			name = ToDoAdam;
			productName = ToDoAdam;
			productReference = 66CCD9761AF0A80200F7DF3B /* ToDoAdam.app */;
			productType = "com.apple.product-type.application";
		};
		66CCD98A1AF0A80200F7DF3B /* ToDoAdamTests */ = {
			isa = PBXNativeTarget;
			buildConfigurationList = 66CCD9981AF0A80200F7DF3B /* Build configuration list for PBXNativeTarget "ToDoAdamTests" */;
			buildPhases = (
				66CCD9871AF0A80200F7DF3B /* Sources */,
				66CCD9881AF0A80200F7DF3B /* Frameworks */,
				66CCD9891AF0A80200F7DF3B /* Resources */,
			);
			buildRules = (
			);
			dependencies = (
				66CCD98D1AF0A80200F7DF3B /* PBXTargetDependency */,
			);
			name = ToDoAdamTests;
			productName = ToDoAdamTests;
			productReference = 66CCD98B1AF0A80200F7DF3B /* ToDoAdamTests.xctest */;
			productType = "com.apple.product-type.bundle.unit-test";
		};
/* End PBXNativeTarget section */

/* Begin PBXProject section */
		66CCD96E1AF0A80200F7DF3B /* Project object */ = {
			isa = PBXProject;
			attributes = {
				LastUpgradeCheck = 0630;
				ORGANIZATIONNAME = "Adam Corcoran";
				TargetAttributes = {
					66CCD9751AF0A80200F7DF3B = {
						CreatedOnToolsVersion = 6.3;
					};
					66CCD98A1AF0A80200F7DF3B = {
						CreatedOnToolsVersion = 6.3;
						TestTargetID = 66CCD9751AF0A80200F7DF3B;
					};
				};
			};
			buildConfigurationList = 66CCD9711AF0A80200F7DF3B /* Build configuration list for PBXProject "ToDoAdam" */;
			compatibilityVersion = "Xcode 3.2";
			developmentRegion = English;
			hasScannedForEncodings = 0;
			knownRegions = (
				en,
				Base,
			);
			mainGroup = 66CCD96D1AF0A80200F7DF3B;
			productRefGroup = 66CCD9771AF0A80200F7DF3B /* Products */;
			projectDirPath = "";
			projectRoot = "";
			targets = (
				66CCD9751AF0A80200F7DF3B /* ToDoAdam */,
				66CCD98A1AF0A80200F7DF3B /* ToDoAdamTests */,
			);
		};
/* End PBXProject section */

/* Begin PBXResourcesBuildPhase section */
		66CCD9741AF0A80200F7DF3B /* Resources */ = {
			isa = PBXResourcesBuildPhase;
			buildActionMask = 2147483647;
			files = (
				66CCD9811AF0A80200F7DF3B /* Main.storyboard in Resources */,
				66CCD9861AF0A80200F7DF3B /* LaunchScreen.xib in Resources */,
				66CCD9831AF0A80200F7DF3B /* Images.xcassets in Resources */,
			);
			runOnlyForDeploymentPostprocessing = 0;
		};
		66CCD9891AF0A80200F7DF3B /* Resources */ = {
			isa = PBXResourcesBuildPhase;
			buildActionMask = 2147483647;
			files = (
			);
			runOnlyForDeploymentPostprocessing = 0;
		};
/* End PBXResourcesBuildPhase section */

/* Begin PBXSourcesBuildPhase section */
		66CCD9721AF0A80200F7DF3B /* Sources */ = {
			isa = PBXSourcesBuildPhase;
			buildActionMask = 2147483647;
			files = (
				66CCD9A61AF0B33B00F7DF3B /* LoginViewController.swift in Sources */,
				66CCD97E1AF0A80200F7DF3B /* ViewController.swift in Sources */,
				66CCD9A41AF0AE1200F7DF3B /* ToDoView.swift in Sources */,
				66CCD97C1AF0A80200F7DF3B /* AppDelegate.swift in Sources */,
				66CCD9A81AF0B3D900F7DF3B /* AuthDataManager.swift in Sources */,
			);
			runOnlyForDeploymentPostprocessing = 0;
		};
		66CCD9871AF0A80200F7DF3B /* Sources */ = {
			isa = PBXSourcesBuildPhase;
			buildActionMask = 2147483647;
			files = (
				66CCD9921AF0A80200F7DF3B /* ToDoAdamTests.swift in Sources */,
			);
			runOnlyForDeploymentPostprocessing = 0;
		};
/* End PBXSourcesBuildPhase section */

/* Begin PBXTargetDependency section */
		66CCD98D1AF0A80200F7DF3B /* PBXTargetDependency */ = {
			isa = PBXTargetDependency;
			target = 66CCD9751AF0A80200F7DF3B /* ToDoAdam */;
			targetProxy = 66CCD98C1AF0A80200F7DF3B /* PBXContainerItemProxy */;
		};
/* End PBXTargetDependency section */

/* Begin PBXVariantGroup section */
		66CCD97F1AF0A80200F7DF3B /* Main.storyboard */ = {
			isa = PBXVariantGroup;
			children = (
				66CCD9801AF0A80200F7DF3B /* Base */,
			);
			name = Main.storyboard;
			sourceTree = "<group>";
		};
		66CCD9841AF0A80200F7DF3B /* LaunchScreen.xib */ = {
			isa = PBXVariantGroup;
			children = (
				66CCD9851AF0A80200F7DF3B /* Base */,
			);
			name = LaunchScreen.xib;
			sourceTree = "<group>";
		};
/* End PBXVariantGroup section */

/* Begin XCBuildConfiguration section */
		66CCD9931AF0A80200F7DF3B /* Debug */ = {
			isa = XCBuildConfiguration;
			buildSettings = {
				ALWAYS_SEARCH_USER_PATHS = NO;
				CLANG_CXX_LANGUAGE_STANDARD = "gnu++0x";
				CLANG_CXX_LIBRARY = "libc++";
				CLANG_ENABLE_MODULES = YES;
				CLANG_ENABLE_OBJC_ARC = YES;
				CLANG_WARN_BOOL_CONVERSION = YES;
				CLANG_WARN_CONSTANT_CONVERSION = YES;
				CLANG_WARN_DIRECT_OBJC_ISA_USAGE = YES_ERROR;
				CLANG_WARN_EMPTY_BODY = YES;
				CLANG_WARN_ENUM_CONVERSION = YES;
				CLANG_WARN_INT_CONVERSION = YES;
				CLANG_WARN_OBJC_ROOT_CLASS = YES_ERROR;
				CLANG_WARN_UNREACHABLE_CODE = YES;
				CLANG_WARN__DUPLICATE_METHOD_MATCH = YES;
				"CODE_SIGN_IDENTITY[sdk=iphoneos*]" = "iPhone Developer";
				COPY_PHASE_STRIP = NO;
				DEBUG_INFORMATION_FORMAT = "dwarf-with-dsym";
				ENABLE_STRICT_OBJC_MSGSEND = YES;
				GCC_C_LANGUAGE_STANDARD = gnu99;
				GCC_DYNAMIC_NO_PIC = NO;
				GCC_NO_COMMON_BLOCKS = YES;
				GCC_OPTIMIZATION_LEVEL = 0;
				GCC_PREPROCESSOR_DEFINITIONS = (
					"DEBUG=1",
					"$(inherited)",
				);
				GCC_SYMBOLS_PRIVATE_EXTERN = NO;
				GCC_WARN_64_TO_32_BIT_CONVERSION = YES;
				GCC_WARN_ABOUT_RETURN_TYPE = YES_ERROR;
				GCC_WARN_UNDECLARED_SELECTOR = YES;
				GCC_WARN_UNINITIALIZED_AUTOS = YES_AGGRESSIVE;
				GCC_WARN_UNUSED_FUNCTION = YES;
				GCC_WARN_UNUSED_VARIABLE = YES;
				IPHONEOS_DEPLOYMENT_TARGET = 8.3;
				MTL_ENABLE_DEBUG_INFO = YES;
				ONLY_ACTIVE_ARCH = YES;
				SDKROOT = iphoneos;
				SWIFT_OPTIMIZATION_LEVEL = "-Onone";
				TARGETED_DEVICE_FAMILY = "1,2";
			};
			name = Debug;
		};
		66CCD9941AF0A80200F7DF3B /* Release */ = {
			isa = XCBuildConfiguration;
			buildSettings = {
				ALWAYS_SEARCH_USER_PATHS = NO;
				CLANG_CXX_LANGUAGE_STANDARD = "gnu++0x";
				CLANG_CXX_LIBRARY = "libc++";
				CLANG_ENABLE_MODULES = YES;
				CLANG_ENABLE_OBJC_ARC = YES;
				CLANG_WARN_BOOL_CONVERSION = YES;
				CLANG_WARN_CONSTANT_CONVERSION = YES;
				CLANG_WARN_DIRECT_OBJC_ISA_USAGE = YES_ERROR;
				CLANG_WARN_EMPTY_BODY = YES;
				CLANG_WARN_ENUM_CONVERSION = YES;
				CLANG_WARN_INT_CONVERSION = YES;
				CLANG_WARN_OBJC_ROOT_CLASS = YES_ERROR;
				CLANG_WARN_UNREACHABLE_CODE = YES;
				CLANG_WARN__DUPLICATE_METHOD_MATCH = YES;
				"CODE_SIGN_IDENTITY[sdk=iphoneos*]" = "iPhone Developer";
				COPY_PHASE_STRIP = NO;
				DEBUG_INFORMATION_FORMAT = "dwarf-with-dsym";
				ENABLE_NS_ASSERTIONS = NO;
				ENABLE_STRICT_OBJC_MSGSEND = YES;
				GCC_C_LANGUAGE_STANDARD = gnu99;
				GCC_NO_COMMON_BLOCKS = YES;
				GCC_WARN_64_TO_32_BIT_CONVERSION = YES;
				GCC_WARN_ABOUT_RETURN_TYPE = YES_ERROR;
				GCC_WARN_UNDECLARED_SELECTOR = YES;
				GCC_WARN_UNINITIALIZED_AUTOS = YES_AGGRESSIVE;
				GCC_WARN_UNUSED_FUNCTION = YES;
				GCC_WARN_UNUSED_VARIABLE = YES;
				IPHONEOS_DEPLOYMENT_TARGET = 8.3;
				MTL_ENABLE_DEBUG_INFO = NO;
				SDKROOT = iphoneos;
				TARGETED_DEVICE_FAMILY = "1,2";
				VALIDATE_PRODUCT = YES;
			};
			name = Release;
		};
		66CCD9961AF0A80200F7DF3B /* Debug */ = {
			isa = XCBuildConfiguration;
			buildSettings = {
				ASSETCATALOG_COMPILER_APPICON_NAME = AppIcon;
				INFOPLIST_FILE = ToDoAdam/Info.plist;
				LD_RUNPATH_SEARCH_PATHS = "$(inherited) @executable_path/Frameworks";
				PRODUCT_NAME = "$(TARGET_NAME)";
			};
			name = Debug;
		};
		66CCD9971AF0A80200F7DF3B /* Release */ = {
			isa = XCBuildConfiguration;
			buildSettings = {
				ASSETCATALOG_COMPILER_APPICON_NAME = AppIcon;
				INFOPLIST_FILE = ToDoAdam/Info.plist;
				LD_RUNPATH_SEARCH_PATHS = "$(inherited) @executable_path/Frameworks";
				PRODUCT_NAME = "$(TARGET_NAME)";
			};
			name = Release;
		};
		66CCD9991AF0A80200F7DF3B /* Debug */ = {
			isa = XCBuildConfiguration;
			buildSettings = {
				BUNDLE_LOADER = "$(TEST_HOST)";
				FRAMEWORK_SEARCH_PATHS = (
					"$(SDKROOT)/Developer/Library/Frameworks",
					"$(inherited)",
				);
				GCC_PREPROCESSOR_DEFINITIONS = (
					"DEBUG=1",
					"$(inherited)",
				);
				INFOPLIST_FILE = ToDoAdamTests/Info.plist;
				LD_RUNPATH_SEARCH_PATHS = "$(inherited) @executable_path/Frameworks @loader_path/Frameworks";
				PRODUCT_NAME = "$(TARGET_NAME)";
				TEST_HOST = "$(BUILT_PRODUCTS_DIR)/ToDoAdam.app/ToDoAdam";
			};
			name = Debug;
		};
		66CCD99A1AF0A80200F7DF3B /* Release */ = {
			isa = XCBuildConfiguration;
			buildSettings = {
				BUNDLE_LOADER = "$(TEST_HOST)";
				FRAMEWORK_SEARCH_PATHS = (
					"$(SDKROOT)/Developer/Library/Frameworks",
					"$(inherited)",
				);
				INFOPLIST_FILE = ToDoAdamTests/Info.plist;
				LD_RUNPATH_SEARCH_PATHS = "$(inherited) @executable_path/Frameworks @loader_path/Frameworks";
				PRODUCT_NAME = "$(TARGET_NAME)";
				TEST_HOST = "$(BUILT_PRODUCTS_DIR)/ToDoAdam.app/ToDoAdam";
			};
			name = Release;
		};
/* End XCBuildConfiguration section */

/* Begin XCConfigurationList section */
		66CCD9711AF0A80200F7DF3B /* Build configuration list for PBXProject "ToDoAdam" */ = {
			isa = XCConfigurationList;
			buildConfigurations = (
				66CCD9931AF0A80200F7DF3B /* Debug */,
				66CCD9941AF0A80200F7DF3B /* Release */,
			);
			defaultConfigurationIsVisible = 0;
			defaultConfigurationName = Release;
		};
		66CCD9951AF0A80200F7DF3B /* Build configuration list for PBXNativeTarget "ToDoAdam" */ = {
			isa = XCConfigurationList;
			buildConfigurations = (
				66CCD9961AF0A80200F7DF3B /* Debug */,
				66CCD9971AF0A80200F7DF3B /* Release */,
			);
			defaultConfigurationIsVisible = 0;
		};
		66CCD9981AF0A80200F7DF3B /* Build configuration list for PBXNativeTarget "ToDoAdamTests" */ = {
			isa = XCConfigurationList;
			buildConfigurations = (
				66CCD9991AF0A80200F7DF3B /* Debug */,
				66CCD99A1AF0A80200F7DF3B /* Release */,
			);
			defaultConfigurationIsVisible = 0;
		};
/* End XCConfigurationList section */
	};
	rootObject = 66CCD96E1AF0A80200F7DF3B /* Project object */;
}
